// !$*UTF8*$!
{
	archiveVersion = 1;
	classes = {
	};
	objectVersion = 50;
	objects = {

/* Begin PBXBuildFile section */
		3A7E0ADD187A240DFB257D19 /* Pods_DemoTest.framework in Frameworks */ = {isa = PBXBuildFile; fileRef = 0CC1D1B5CFF7F920FD0B7DD4 /* Pods_DemoTest.framework */; };
		3F1800CA21A6A5A300BCA8E1 /* AppDelegate.swift in Sources */ = {isa = PBXBuildFile; fileRef = 3F1800C921A6A5A300BCA8E1 /* AppDelegate.swift */; };
		3F1800CC21A6A5A300BCA8E1 /* ViewController.swift in Sources */ = {isa = PBXBuildFile; fileRef = 3F1800CB21A6A5A300BCA8E1 /* ViewController.swift */; };
		3F1800CF21A6A5A300BCA8E1 /* Main.storyboard in Resources */ = {isa = PBXBuildFile; fileRef = 3F1800CD21A6A5A300BCA8E1 /* Main.storyboard */; };
		3F1800D121A6A5AE00BCA8E1 /* Assets.xcassets in Resources */ = {isa = PBXBuildFile; fileRef = 3F1800D021A6A5AE00BCA8E1 /* Assets.xcassets */; };
		3F1800D421A6A5AE00BCA8E1 /* LaunchScreen.storyboard in Resources */ = {isa = PBXBuildFile; fileRef = 3F1800D221A6A5AE00BCA8E1 /* LaunchScreen.storyboard */; };
		3F1800DF21A6A5AE00BCA8E1 /* DemoTestTests.swift in Sources */ = {isa = PBXBuildFile; fileRef = 3F1800DE21A6A5AE00BCA8E1 /* DemoTestTests.swift */; };
		3F1800EA21A6A5AE00BCA8E1 /* DemoTestUITests.swift in Sources */ = {isa = PBXBuildFile; fileRef = 3F1800E921A6A5AE00BCA8E1 /* DemoTestUITests.swift */; };
		964F63DE70195461FC5DFEBF /* Pods_DemoTestTests.framework in Frameworks */ = {isa = PBXBuildFile; fileRef = 1A4A4947235143BBB85940CC /* Pods_DemoTestTests.framework */; };
		B98C9AFC010144D274C918DB /* Pods_DemoTestUITests.framework in Frameworks */ = {isa = PBXBuildFile; fileRef = 5EC58121DEE6D83231BFBF09 /* Pods_DemoTestUITests.framework */; };
/* End PBXBuildFile section */

/* Begin PBXContainerItemProxy section */
		3F1800DB21A6A5AE00BCA8E1 /* PBXContainerItemProxy */ = {
			isa = PBXContainerItemProxy;
			containerPortal = 3F1800BE21A6A5A300BCA8E1 /* Project object */;
			proxyType = 1;
			remoteGlobalIDString = 3F1800C521A6A5A300BCA8E1;
			remoteInfo = DemoTest;
		};
		3F1800E621A6A5AE00BCA8E1 /* PBXContainerItemProxy */ = {
			isa = PBXContainerItemProxy;
			containerPortal = 3F1800BE21A6A5A300BCA8E1 /* Project object */;
			proxyType = 1;
			remoteGlobalIDString = 3F1800C521A6A5A300BCA8E1;
			remoteInfo = DemoTest;
		};
/* End PBXContainerItemProxy section */

/* Begin PBXFileReference section */
		0CC1D1B5CFF7F920FD0B7DD4 /* Pods_DemoTest.framework */ = {isa = PBXFileReference; explicitFileType = wrapper.framework; includeInIndex = 0; path = Pods_DemoTest.framework; sourceTree = BUILT_PRODUCTS_DIR; };
		1A4A4947235143BBB85940CC /* Pods_DemoTestTests.framework */ = {isa = PBXFileReference; explicitFileType = wrapper.framework; includeInIndex = 0; path = Pods_DemoTestTests.framework; sourceTree = BUILT_PRODUCTS_DIR; };
		37C80B393306A8A2A55166A6 /* Pods-DemoTest.release.xcconfig */ = {isa = PBXFileReference; includeInIndex = 1; lastKnownFileType = text.xcconfig; name = "Pods-DemoTest.release.xcconfig"; path = "Pods/Target Support Files/Pods-DemoTest/Pods-DemoTest.release.xcconfig"; sourceTree = "<group>"; };
		3F1800C621A6A5A300BCA8E1 /* DemoTest.app */ = {isa = PBXFileReference; explicitFileType = wrapper.application; includeInIndex = 0; path = DemoTest.app; sourceTree = BUILT_PRODUCTS_DIR; };
		3F1800C921A6A5A300BCA8E1 /* AppDelegate.swift */ = {isa = PBXFileReference; lastKnownFileType = sourcecode.swift; path = AppDelegate.swift; sourceTree = "<group>"; };
		3F1800CB21A6A5A300BCA8E1 /* ViewController.swift */ = {isa = PBXFileReference; lastKnownFileType = sourcecode.swift; path = ViewController.swift; sourceTree = "<group>"; };
		3F1800CE21A6A5A300BCA8E1 /* Base */ = {isa = PBXFileReference; lastKnownFileType = file.storyboard; name = Base; path = Base.lproj/Main.storyboard; sourceTree = "<group>"; };
		3F1800D021A6A5AE00BCA8E1 /* Assets.xcassets */ = {isa = PBXFileReference; lastKnownFileType = folder.assetcatalog; path = Assets.xcassets; sourceTree = "<group>"; };
		3F1800D321A6A5AE00BCA8E1 /* Base */ = {isa = PBXFileReference; lastKnownFileType = file.storyboard; name = Base; path = Base.lproj/LaunchScreen.storyboard; sourceTree = "<group>"; };
		3F1800D521A6A5AE00BCA8E1 /* Info.plist */ = {isa = PBXFileReference; lastKnownFileType = text.plist.xml; path = Info.plist; sourceTree = "<group>"; };
		3F1800DA21A6A5AE00BCA8E1 /* DemoTestTests.xctest */ = {isa = PBXFileReference; explicitFileType = wrapper.cfbundle; includeInIndex = 0; path = DemoTestTests.xctest; sourceTree = BUILT_PRODUCTS_DIR; };
		3F1800DE21A6A5AE00BCA8E1 /* DemoTestTests.swift */ = {isa = PBXFileReference; lastKnownFileType = sourcecode.swift; path = DemoTestTests.swift; sourceTree = "<group>"; };
		3F1800E021A6A5AE00BCA8E1 /* Info.plist */ = {isa = PBXFileReference; lastKnownFileType = text.plist.xml; path = Info.plist; sourceTree = "<group>"; };
		3F1800E521A6A5AE00BCA8E1 /* DemoTestUITests.xctest */ = {isa = PBXFileReference; explicitFileType = wrapper.cfbundle; includeInIndex = 0; path = DemoTestUITests.xctest; sourceTree = BUILT_PRODUCTS_DIR; };
		3F1800E921A6A5AE00BCA8E1 /* DemoTestUITests.swift */ = {isa = PBXFileReference; lastKnownFileType = sourcecode.swift; path = DemoTestUITests.swift; sourceTree = "<group>"; };
		3F1800EB21A6A5AE00BCA8E1 /* Info.plist */ = {isa = PBXFileReference; lastKnownFileType = text.plist.xml; path = Info.plist; sourceTree = "<group>"; };
		43037C3F65A39D3A6A5692C5 /* Pods-DemoTestUITests.release.xcconfig */ = {isa = PBXFileReference; includeInIndex = 1; lastKnownFileType = text.xcconfig; name = "Pods-DemoTestUITests.release.xcconfig"; path = "Pods/Target Support Files/Pods-DemoTestUITests/Pods-DemoTestUITests.release.xcconfig"; sourceTree = "<group>"; };
		5EC58121DEE6D83231BFBF09 /* Pods_DemoTestUITests.framework */ = {isa = PBXFileReference; explicitFileType = wrapper.framework; includeInIndex = 0; path = Pods_DemoTestUITests.framework; sourceTree = BUILT_PRODUCTS_DIR; };
		B3449DB7CB42A19BACEC051E /* Pods-DemoTestTests.release.xcconfig */ = {isa = PBXFileReference; includeInIndex = 1; lastKnownFileType = text.xcconfig; name = "Pods-DemoTestTests.release.xcconfig"; path = "Pods/Target Support Files/Pods-DemoTestTests/Pods-DemoTestTests.release.xcconfig"; sourceTree = "<group>"; };
		CC2EC941260DB5529A643552 /* Pods-DemoTestUITests.debug.xcconfig */ = {isa = PBXFileReference; includeInIndex = 1; lastKnownFileType = text.xcconfig; name = "Pods-DemoTestUITests.debug.xcconfig"; path = "Pods/Target Support Files/Pods-DemoTestUITests/Pods-DemoTestUITests.debug.xcconfig"; sourceTree = "<group>"; };
		F37A1E28C190FD4B5DA7D527 /* Pods-DemoTestTests.debug.xcconfig */ = {isa = PBXFileReference; includeInIndex = 1; lastKnownFileType = text.xcconfig; name = "Pods-DemoTestTests.debug.xcconfig"; path = "Pods/Target Support Files/Pods-DemoTestTests/Pods-DemoTestTests.debug.xcconfig"; sourceTree = "<group>"; };
		FB66022834928316B65AEFD5 /* Pods-DemoTest.debug.xcconfig */ = {isa = PBXFileReference; includeInIndex = 1; lastKnownFileType = text.xcconfig; name = "Pods-DemoTest.debug.xcconfig"; path = "Pods/Target Support Files/Pods-DemoTest/Pods-DemoTest.debug.xcconfig"; sourceTree = "<group>"; };
/* End PBXFileReference section */

/* Begin PBXFrameworksBuildPhase section */
		3F1800C321A6A5A300BCA8E1 /* Frameworks */ = {
			isa = PBXFrameworksBuildPhase;
			buildActionMask = 2147483647;
			files = (
				3A7E0ADD187A240DFB257D19 /* Pods_DemoTest.framework in Frameworks */,
			);
			runOnlyForDeploymentPostprocessing = 0;
		};
		3F1800D721A6A5AE00BCA8E1 /* Frameworks */ = {
			isa = PBXFrameworksBuildPhase;
			buildActionMask = 2147483647;
			files = (
				964F63DE70195461FC5DFEBF /* Pods_DemoTestTests.framework in Frameworks */,
			);
			runOnlyForDeploymentPostprocessing = 0;
		};
		3F1800E221A6A5AE00BCA8E1 /* Frameworks */ = {
			isa = PBXFrameworksBuildPhase;
			buildActionMask = 2147483647;
			files = (
				B98C9AFC010144D274C918DB /* Pods_DemoTestUITests.framework in Frameworks */,
			);
			runOnlyForDeploymentPostprocessing = 0;
		};
/* End PBXFrameworksBuildPhase section */

/* Begin PBXGroup section */
		3F1800BD21A6A5A300BCA8E1 = {
			isa = PBXGroup;
			children = (
				3F1800C821A6A5A300BCA8E1 /* DemoTest */,
				3F1800DD21A6A5AE00BCA8E1 /* DemoTestTests */,
				3F1800E821A6A5AE00BCA8E1 /* DemoTestUITests */,
				3F1800C721A6A5A300BCA8E1 /* Products */,
				A002945BC7B6CA65DD580361 /* Pods */,
				A5E83F6034AE11F41F60CDE8 /* Frameworks */,
			);
			sourceTree = "<group>";
		};
		3F1800C721A6A5A300BCA8E1 /* Products */ = {
			isa = PBXGroup;
			children = (
				3F1800C621A6A5A300BCA8E1 /* DemoTest.app */,
				3F1800DA21A6A5AE00BCA8E1 /* DemoTestTests.xctest */,
				3F1800E521A6A5AE00BCA8E1 /* DemoTestUITests.xctest */,
			);
			name = Products;
			sourceTree = "<group>";
		};
		3F1800C821A6A5A300BCA8E1 /* DemoTest */ = {
			isa = PBXGroup;
			children = (
				3F1800C921A6A5A300BCA8E1 /* AppDelegate.swift */,
				3F1800CB21A6A5A300BCA8E1 /* ViewController.swift */,
				3F1800CD21A6A5A300BCA8E1 /* Main.storyboard */,
				3F1800D021A6A5AE00BCA8E1 /* Assets.xcassets */,
				3F1800D221A6A5AE00BCA8E1 /* LaunchScreen.storyboard */,
				3F1800D521A6A5AE00BCA8E1 /* Info.plist */,
			);
			path = DemoTest;
			sourceTree = "<group>";
		};
		3F1800DD21A6A5AE00BCA8E1 /* DemoTestTests */ = {
			isa = PBXGroup;
			children = (
				3F1800DE21A6A5AE00BCA8E1 /* DemoTestTests.swift */,
				3F1800E021A6A5AE00BCA8E1 /* Info.plist */,
			);
			path = DemoTestTests;
			sourceTree = "<group>";
		};
		3F1800E821A6A5AE00BCA8E1 /* DemoTestUITests */ = {
			isa = PBXGroup;
			children = (
				3F1800E921A6A5AE00BCA8E1 /* DemoTestUITests.swift */,
				3F1800EB21A6A5AE00BCA8E1 /* Info.plist */,
			);
			path = DemoTestUITests;
			sourceTree = "<group>";
		};
		A002945BC7B6CA65DD580361 /* Pods */ = {
			isa = PBXGroup;
			children = (
				FB66022834928316B65AEFD5 /* Pods-DemoTest.debug.xcconfig */,
				37C80B393306A8A2A55166A6 /* Pods-DemoTest.release.xcconfig */,
				F37A1E28C190FD4B5DA7D527 /* Pods-DemoTestTests.debug.xcconfig */,
				B3449DB7CB42A19BACEC051E /* Pods-DemoTestTests.release.xcconfig */,
				CC2EC941260DB5529A643552 /* Pods-DemoTestUITests.debug.xcconfig */,
				43037C3F65A39D3A6A5692C5 /* Pods-DemoTestUITests.release.xcconfig */,
			);
			name = Pods;
			sourceTree = "<group>";
		};
		A5E83F6034AE11F41F60CDE8 /* Frameworks */ = {
			isa = PBXGroup;
			children = (
				0CC1D1B5CFF7F920FD0B7DD4 /* Pods_DemoTest.framework */,
				1A4A4947235143BBB85940CC /* Pods_DemoTestTests.framework */,
				5EC58121DEE6D83231BFBF09 /* Pods_DemoTestUITests.framework */,
			);
			name = Frameworks;
			sourceTree = "<group>";
		};
/* End PBXGroup section */

/* Begin PBXNativeTarget section */
		3F1800C521A6A5A300BCA8E1 /* DemoTest */ = {
			isa = PBXNativeTarget;
			buildConfigurationList = 3F1800EE21A6A5AE00BCA8E1 /* Build configuration list for PBXNativeTarget "DemoTest" */;
			buildPhases = (
				C7879E1DE774083FC7D9B3CE /* [CP] Check Pods Manifest.lock */,
				3F1800C221A6A5A300BCA8E1 /* Sources */,
				3F1800C321A6A5A300BCA8E1 /* Frameworks */,
				3F1800C421A6A5A300BCA8E1 /* Resources */,
				8FEEEC84A4CC152DC60A290D /* [CP] Embed Pods Frameworks */,
			);
			buildRules = (
			);
			dependencies = (
			);
			name = DemoTest;
			productName = DemoTest;
			productReference = 3F1800C621A6A5A300BCA8E1 /* DemoTest.app */;
			productType = "com.apple.product-type.application";
		};
		3F1800D921A6A5AE00BCA8E1 /* DemoTestTests */ = {
			isa = PBXNativeTarget;
			buildConfigurationList = 3F1800F121A6A5AE00BCA8E1 /* Build configuration list for PBXNativeTarget "DemoTestTests" */;
			buildPhases = (
				03A3D8116C98818BB7989270 /* [CP] Check Pods Manifest.lock */,
				3F1800D621A6A5AE00BCA8E1 /* Sources */,
				3F1800D721A6A5AE00BCA8E1 /* Frameworks */,
				3F1800D821A6A5AE00BCA8E1 /* Resources */,
			);
			buildRules = (
			);
			dependencies = (
				3F1800DC21A6A5AE00BCA8E1 /* PBXTargetDependency */,
			);
			name = DemoTestTests;
			productName = DemoTestTests;
			productReference = 3F1800DA21A6A5AE00BCA8E1 /* DemoTestTests.xctest */;
			productType = "com.apple.product-type.bundle.unit-test";
		};
		3F1800E421A6A5AE00BCA8E1 /* DemoTestUITests */ = {
			isa = PBXNativeTarget;
			buildConfigurationList = 3F1800F421A6A5AE00BCA8E1 /* Build configuration list for PBXNativeTarget "DemoTestUITests" */;
			buildPhases = (
				90213E7E605DE91BC70502BF /* [CP] Check Pods Manifest.lock */,
				3F1800E121A6A5AE00BCA8E1 /* Sources */,
				3F1800E221A6A5AE00BCA8E1 /* Frameworks */,
				3F1800E321A6A5AE00BCA8E1 /* Resources */,
			);
			buildRules = (
			);
			dependencies = (
				3F1800E721A6A5AE00BCA8E1 /* PBXTargetDependency */,
			);
			name = DemoTestUITests;
			productName = DemoTestUITests;
			productReference = 3F1800E521A6A5AE00BCA8E1 /* DemoTestUITests.xctest */;
			productType = "com.apple.product-type.bundle.ui-testing";
		};
/* End PBXNativeTarget section */

/* Begin PBXProject section */
		3F1800BE21A6A5A300BCA8E1 /* Project object */ = {
			isa = PBXProject;
			attributes = {
				LastSwiftUpdateCheck = 1000;
				LastUpgradeCheck = 1000;
				ORGANIZATIONNAME = "Mohammad Yunus";
				TargetAttributes = {
					3F1800C521A6A5A300BCA8E1 = {
						CreatedOnToolsVersion = 10.0;
					};
					3F1800D921A6A5AE00BCA8E1 = {
						CreatedOnToolsVersion = 10.0;
						TestTargetID = 3F1800C521A6A5A300BCA8E1;
					};
					3F1800E421A6A5AE00BCA8E1 = {
						CreatedOnToolsVersion = 10.0;
						TestTargetID = 3F1800C521A6A5A300BCA8E1;
					};
				};
			};
			buildConfigurationList = 3F1800C121A6A5A300BCA8E1 /* Build configuration list for PBXProject "DemoTest" */;
			compatibilityVersion = "Xcode 9.3";
			developmentRegion = en;
			hasScannedForEncodings = 0;
			knownRegions = (
				en,
				Base,
			);
			mainGroup = 3F1800BD21A6A5A300BCA8E1;
			productRefGroup = 3F1800C721A6A5A300BCA8E1 /* Products */;
			projectDirPath = "";
			projectRoot = "";
			targets = (
				3F1800C521A6A5A300BCA8E1 /* DemoTest */,
				3F1800D921A6A5AE00BCA8E1 /* DemoTestTests */,
				3F1800E421A6A5AE00BCA8E1 /* DemoTestUITests */,
			);
		};
/* End PBXProject section */

/* Begin PBXResourcesBuildPhase section */
		3F1800C421A6A5A300BCA8E1 /* Resources */ = {
			isa = PBXResourcesBuildPhase;
			buildActionMask = 2147483647;
			files = (
				3F1800D421A6A5AE00BCA8E1 /* LaunchScreen.storyboard in Resources */,
				3F1800D121A6A5AE00BCA8E1 /* Assets.xcassets in Resources */,
				3F1800CF21A6A5A300BCA8E1 /* Main.storyboard in Resources */,
			);
			runOnlyForDeploymentPostprocessing = 0;
		};
		3F1800D821A6A5AE00BCA8E1 /* Resources */ = {
			isa = PBXResourcesBuildPhase;
			buildActionMask = 2147483647;
			files = (
			);
			runOnlyForDeploymentPostprocessing = 0;
		};
		3F1800E321A6A5AE00BCA8E1 /* Resources */ = {
			isa = PBXResourcesBuildPhase;
			buildActionMask = 2147483647;
			files = (
			);
			runOnlyForDeploymentPostprocessing = 0;
		};
/* End PBXResourcesBuildPhase section */

/* Begin PBXShellScriptBuildPhase section */
		03A3D8116C98818BB7989270 /* [CP] Check Pods Manifest.lock */ = {
			isa = PBXShellScriptBuildPhase;
			buildActionMask = 2147483647;
			files = (
			);
			inputFileListPaths = (
			);
			inputPaths = (
				"${PODS_PODFILE_DIR_PATH}/Podfile.lock",
				"${PODS_ROOT}/Manifest.lock",
			);
			name = "[CP] Check Pods Manifest.lock";
			outputFileListPaths = (
			);
			outputPaths = (
				"$(DERIVED_FILE_DIR)/Pods-DemoTestTests-checkManifestLockResult.txt",
			);
			runOnlyForDeploymentPostprocessing = 0;
			shellPath = /bin/sh;
			shellScript = "diff \"${PODS_PODFILE_DIR_PATH}/Podfile.lock\" \"${PODS_ROOT}/Manifest.lock\" > /dev/null\nif [ $? != 0 ] ; then\n    # print error to STDERR\n    echo \"error: The sandbox is not in sync with the Podfile.lock. Run 'pod install' or update your CocoaPods installation.\" >&2\n    exit 1\nfi\n# This output is used by Xcode 'outputs' to avoid re-running this script phase.\necho \"SUCCESS\" > \"${SCRIPT_OUTPUT_FILE_0}\"\n";
			showEnvVarsInLog = 0;
		};
		8FEEEC84A4CC152DC60A290D /* [CP] Embed Pods Frameworks */ = {
			isa = PBXShellScriptBuildPhase;
			buildActionMask = 2147483647;
			files = (
			);
			inputFileListPaths = (
			);
			inputPaths = (
				"${SRCROOT}/Pods/Target Support Files/Pods-DemoTest/Pods-DemoTest-frameworks.sh",
				"${BUILT_PRODUCTS_DIR}/RappleProgressHUD/RappleProgressHUD.framework",
				"${BUILT_PRODUCTS_DIR}/SDWebImage/SDWebImage.framework",
			);
			name = "[CP] Embed Pods Frameworks";
			outputFileListPaths = (
			);
			outputPaths = (
				"${TARGET_BUILD_DIR}/${FRAMEWORKS_FOLDER_PATH}/RappleProgressHUD.framework",
				"${TARGET_BUILD_DIR}/${FRAMEWORKS_FOLDER_PATH}/SDWebImage.framework",
			);
			runOnlyForDeploymentPostprocessing = 0;
			shellPath = /bin/sh;
			shellScript = "\"${SRCROOT}/Pods/Target Support Files/Pods-DemoTest/Pods-DemoTest-frameworks.sh\"\n";
			showEnvVarsInLog = 0;
		};
		90213E7E605DE91BC70502BF /* [CP] Check Pods Manifest.lock */ = {
			isa = PBXShellScriptBuildPhase;
			buildActionMask = 2147483647;
			files = (
			);
			inputFileListPaths = (
			);
			inputPaths = (
				"${PODS_PODFILE_DIR_PATH}/Podfile.lock",
				"${PODS_ROOT}/Manifest.lock",
			);
			name = "[CP] Check Pods Manifest.lock";
			outputFileListPaths = (
			);
			outputPaths = (
				"$(DERIVED_FILE_DIR)/Pods-DemoTestUITests-checkManifestLockResult.txt",
			);
			runOnlyForDeploymentPostprocessing = 0;
			shellPath = /bin/sh;
			shellScript = "diff \"${PODS_PODFILE_DIR_PATH}/Podfile.lock\" \"${PODS_ROOT}/Manifest.lock\" > /dev/null\nif [ $? != 0 ] ; then\n    # print error to STDERR\n    echo \"error: The sandbox is not in sync with the Podfile.lock. Run 'pod install' or update your CocoaPods installation.\" >&2\n    exit 1\nfi\n# This output is used by Xcode 'outputs' to avoid re-running this script phase.\necho \"SUCCESS\" > \"${SCRIPT_OUTPUT_FILE_0}\"\n";
			showEnvVarsInLog = 0;
		};
		C7879E1DE774083FC7D9B3CE /* [CP] Check Pods Manifest.lock */ = {
			isa = PBXShellScriptBuildPhase;
			buildActionMask = 2147483647;
			files = (
			);
			inputFileListPaths = (
			);
			inputPaths = (
				"${PODS_PODFILE_DIR_PATH}/Podfile.lock",
				"${PODS_ROOT}/Manifest.lock",
			);
			name = "[CP] Check Pods Manifest.lock";
			outputFileListPaths = (
			);
			outputPaths = (
				"$(DERIVED_FILE_DIR)/Pods-DemoTest-checkManifestLockResult.txt",
			);
			runOnlyForDeploymentPostprocessing = 0;
			shellPath = /bin/sh;
			shellScript = "diff \"${PODS_PODFILE_DIR_PATH}/Podfile.lock\" \"${PODS_ROOT}/Manifest.lock\" > /dev/null\nif [ $? != 0 ] ; then\n    # print error to STDERR\n    echo \"error: The sandbox is not in sync with the Podfile.lock. Run 'pod install' or update your CocoaPods installation.\" >&2\n    exit 1\nfi\n# This output is used by Xcode 'outputs' to avoid re-running this script phase.\necho \"SUCCESS\" > \"${SCRIPT_OUTPUT_FILE_0}\"\n";
			showEnvVarsInLog = 0;
		};
/* End PBXShellScriptBuildPhase section */

/* Begin PBXSourcesBuildPhase section */
		3F1800C221A6A5A300BCA8E1 /* Sources */ = {
			isa = PBXSourcesBuildPhase;
			buildActionMask = 2147483647;
			files = (
				3F1800CC21A6A5A300BCA8E1 /* ViewController.swift in Sources */,
				3F1800CA21A6A5A300BCA8E1 /* AppDelegate.swift in Sources */,
			);
			runOnlyForDeploymentPostprocessing = 0;
		};
		3F1800D621A6A5AE00BCA8E1 /* Sources */ = {
			isa = PBXSourcesBuildPhase;
			buildActionMask = 2147483647;
			files = (
				3F1800DF21A6A5AE00BCA8E1 /* DemoTestTests.swift in Sources */,
			);
			runOnlyForDeploymentPostprocessing = 0;
		};
		3F1800E121A6A5AE00BCA8E1 /* Sources */ = {
			isa = PBXSourcesBuildPhase;
			buildActionMask = 2147483647;
			files = (
				3F1800EA21A6A5AE00BCA8E1 /* DemoTestUITests.swift in Sources */,
			);
			runOnlyForDeploymentPostprocessing = 0;
		};
/* End PBXSourcesBuildPhase section */

/* Begin PBXTargetDependency section */
		3F1800DC21A6A5AE00BCA8E1 /* PBXTargetDependency */ = {
			isa = PBXTargetDependency;
			target = 3F1800C521A6A5A300BCA8E1 /* DemoTest */;
			targetProxy = 3F1800DB21A6A5AE00BCA8E1 /* PBXContainerItemProxy */;
		};
		3F1800E721A6A5AE00BCA8E1 /* PBXTargetDependency */ = {
			isa = PBXTargetDependency;
			target = 3F1800C521A6A5A300BCA8E1 /* DemoTest */;
			targetProxy = 3F1800E621A6A5AE00BCA8E1 /* PBXContainerItemProxy */;
		};
/* End PBXTargetDependency section */

/* Begin PBXVariantGroup section */
		3F1800CD21A6A5A300BCA8E1 /* Main.storyboard */ = {
			isa = PBXVariantGroup;
			children = (
				3F1800CE21A6A5A300BCA8E1 /* Base */,
			);
			name = Main.storyboard;
			sourceTree = "<group>";
		};
		3F1800D221A6A5AE00BCA8E1 /* LaunchScreen.storyboard */ = {
			isa = PBXVariantGroup;
			children = (
				3F1800D321A6A5AE00BCA8E1 /* Base */,
			);
			name = LaunchScreen.storyboard;
			sourceTree = "<group>";
		};
/* End PBXVariantGroup section */

/* Begin XCBuildConfiguration section */
		3F1800EC21A6A5AE00BCA8E1 /* Debug */ = {
			isa = XCBuildConfiguration;
			buildSettings = {
				ALWAYS_SEARCH_USER_PATHS = NO;
				CLANG_ANALYZER_NONNULL = YES;
				CLANG_ANALYZER_NUMBER_OBJECT_CONVERSION = YES_AGGRESSIVE;
				CLANG_CXX_LANGUAGE_STANDARD = "gnu++14";
				CLANG_CXX_LIBRARY = "libc++";
				CLANG_ENABLE_MODULES = YES;
				CLANG_ENABLE_OBJC_ARC = YES;
				CLANG_ENABLE_OBJC_WEAK = YES;
				CLANG_WARN_BLOCK_CAPTURE_AUTORELEASING = YES;
				CLANG_WARN_BOOL_CONVERSION = YES;
				CLANG_WARN_COMMA = YES;
				CLANG_WARN_CONSTANT_CONVERSION = YES;
				CLANG_WARN_DEPRECATED_OBJC_IMPLEMENTATIONS = YES;
				CLANG_WARN_DIRECT_OBJC_ISA_USAGE = YES_ERROR;
				CLANG_WARN_DOCUMENTATION_COMMENTS = YES;
				CLANG_WARN_EMPTY_BODY = YES;
				CLANG_WARN_ENUM_CONVERSION = YES;
				CLANG_WARN_INFINITE_RECURSION = YES;
				CLANG_WARN_INT_CONVERSION = YES;
				CLANG_WARN_NON_LITERAL_NULL_CONVERSION = YES;
				CLANG_WARN_OBJC_IMPLICIT_RETAIN_SELF = YES;
				CLANG_WARN_OBJC_LITERAL_CONVERSION = YES;
				CLANG_WARN_OBJC_ROOT_CLASS = YES_ERROR;
				CLANG_WARN_RANGE_LOOP_ANALYSIS = YES;
				CLANG_WARN_STRICT_PROTOTYPES = YES;
				CLANG_WARN_SUSPICIOUS_MOVE = YES;
				CLANG_WARN_UNGUARDED_AVAILABILITY = YES_AGGRESSIVE;
				CLANG_WARN_UNREACHABLE_CODE = YES;
				CLANG_WARN__DUPLICATE_METHOD_MATCH = YES;
				CODE_SIGN_IDENTITY = "iPhone Developer";
				COPY_PHASE_STRIP = NO;
				DEBUG_INFORMATION_FORMAT = dwarf;
				ENABLE_STRICT_OBJC_MSGSEND = YES;
				ENABLE_TESTABILITY = YES;
				GCC_C_LANGUAGE_STANDARD = gnu11;
				GCC_DYNAMIC_NO_PIC = NO;
				GCC_NO_COMMON_BLOCKS = YES;
				GCC_OPTIMIZATION_LEVEL = 0;
				GCC_PREPROCESSOR_DEFINITIONS = (
					"DEBUG=1",
					"$(inherited)",
				);
				GCC_WARN_64_TO_32_BIT_CONVERSION = YES;
				GCC_WARN_ABOUT_RETURN_TYPE = YES_ERROR;
				GCC_WARN_UNDECLARED_SELECTOR = YES;
				GCC_WARN_UNINITIALIZED_AUTOS = YES_AGGRESSIVE;
				GCC_WARN_UNUSED_FUNCTION = YES;
				GCC_WARN_UNUSED_VARIABLE = YES;
				IPHONEOS_DEPLOYMENT_TARGET = 12.0;
				MTL_ENABLE_DEBUG_INFO = INCLUDE_SOURCE;
				MTL_FAST_MATH = YES;
				ONLY_ACTIVE_ARCH = YES;
				SDKROOT = iphoneos;
				SWIFT_ACTIVE_COMPILATION_CONDITIONS = DEBUG;
				SWIFT_OPTIMIZATION_LEVEL = "-Onone";
			};
			name = Debug;
		};
		3F1800ED21A6A5AE00BCA8E1 /* Release */ = {
			isa = XCBuildConfiguration;
			buildSettings = {
				ALWAYS_SEARCH_USER_PATHS = NO;
				CLANG_ANALYZER_NONNULL = YES;
				CLANG_ANALYZER_NUMBER_OBJECT_CONVERSION = YES_AGGRESSIVE;
				CLANG_CXX_LANGUAGE_STANDARD = "gnu++14";
				CLANG_CXX_LIBRARY = "libc++";
				CLANG_ENABLE_MODULES = YES;
				CLANG_ENABLE_OBJC_ARC = YES;
				CLANG_ENABLE_OBJC_WEAK = YES;
				CLANG_WARN_BLOCK_CAPTURE_AUTORELEASING = YES;
				CLANG_WARN_BOOL_CONVERSION = YES;
				CLANG_WARN_COMMA = YES;
				CLANG_WARN_CONSTANT_CONVERSION = YES;
				CLANG_WARN_DEPRECATED_OBJC_IMPLEMENTATIONS = YES;
				CLANG_WARN_DIRECT_OBJC_ISA_USAGE = YES_ERROR;
				CLANG_WARN_DOCUMENTATION_COMMENTS = YES;
				CLANG_WARN_EMPTY_BODY = YES;
				CLANG_WARN_ENUM_CONVERSION = YES;
				CLANG_WARN_INFINITE_RECURSION = YES;
				CLANG_WARN_INT_CONVERSION = YES;
				CLANG_WARN_NON_LITERAL_NULL_CONVERSION = YES;
				CLANG_WARN_OBJC_IMPLICIT_RETAIN_SELF = YES;
				CLANG_WARN_OBJC_LITERAL_CONVERSION = YES;
				CLANG_WARN_OBJC_ROOT_CLASS = YES_ERROR;
				CLANG_WARN_RANGE_LOOP_ANALYSIS = YES;
				CLANG_WARN_STRICT_PROTOTYPES = YES;
				CLANG_WARN_SUSPICIOUS_MOVE = YES;
				CLANG_WARN_UNGUARDED_AVAILABILITY = YES_AGGRESSIVE;
				CLANG_WARN_UNREACHABLE_CODE = YES;
				CLANG_WARN__DUPLICATE_METHOD_MATCH = YES;
				CODE_SIGN_IDENTITY = "iPhone Developer";
				COPY_PHASE_STRIP = NO;
				DEBUG_INFORMATION_FORMAT = "dwarf-with-dsym";
				ENABLE_NS_ASSERTIONS = NO;
				ENABLE_STRICT_OBJC_MSGSEND = YES;
				GCC_C_LANGUAGE_STANDARD = gnu11;
				GCC_NO_COMMON_BLOCKS = YES;
				GCC_WARN_64_TO_32_BIT_CONVERSION = YES;
				GCC_WARN_ABOUT_RETURN_TYPE = YES_ERROR;
				GCC_WARN_UNDECLARED_SELECTOR = YES;
				GCC_WARN_UNINITIALIZED_AUTOS = YES_AGGRESSIVE;
				GCC_WARN_UNUSED_FUNCTION = YES;
				GCC_WARN_UNUSED_VARIABLE = YES;
				IPHONEOS_DEPLOYMENT_TARGET = 12.0;
				MTL_ENABLE_DEBUG_INFO = NO;
				MTL_FAST_MATH = YES;
				SDKROOT = iphoneos;
				SWIFT_COMPILATION_MODE = wholemodule;
				SWIFT_OPTIMIZATION_LEVEL = "-O";
				VALIDATE_PRODUCT = YES;
			};
			name = Release;
		};
		3F1800EF21A6A5AE00BCA8E1 /* Debug */ = {
			isa = XCBuildConfiguration;
			baseConfigurationReference = FB66022834928316B65AEFD5 /* Pods-DemoTest.debug.xcconfig */;
			buildSettings = {
				ASSETCATALOG_COMPILER_APPICON_NAME = AppIcon;
				CODE_SIGN_STYLE = Automatic;
				DEVELOPMENT_TEAM = 7986UXK74B;
				INFOPLIST_FILE = DemoTest/Info.plist;
				IPHONEOS_DEPLOYMENT_TARGET = 11.0;
				LD_RUNPATH_SEARCH_PATHS = (
					"$(inherited)",
					"@executable_path/Frameworks",
				);
				PRODUCT_BUNDLE_IDENTIFIER = com.MohammadYunus.DemoTest;
				PRODUCT_NAME = "$(TARGET_NAME)";
				SWIFT_VERSION = 4.2;
				TARGETED_DEVICE_FAMILY = "1,2";
			};
			name = Debug;
		};
		3F1800F021A6A5AE00BCA8E1 /* Release */ = {
			isa = XCBuildConfiguration;
			baseConfigurationReference = 37C80B393306A8A2A55166A6 /* Pods-DemoTest.release.xcconfig */;
			buildSettings = {
				ASSETCATALOG_COMPILER_APPICON_NAME = AppIcon;
				CODE_SIGN_STYLE = Automatic;
				DEVELOPMENT_TEAM = 7986UXK74B;
				INFOPLIST_FILE = DemoTest/Info.plist;
				IPHONEOS_DEPLOYMENT_TARGET = 11.0;
				LD_RUNPATH_SEARCH_PATHS = (
					"$(inherited)",
					"@executable_path/Frameworks",
				);
				PRODUCT_BUNDLE_IDENTIFIER = com.MohammadYunus.DemoTest;
				PRODUCT_NAME = "$(TARGET_NAME)";
				SWIFT_VERSION = 4.2;
				TARGETED_DEVICE_FAMILY = "1,2";
			};
			name = Release;
		};
		3F1800F221A6A5AE00BCA8E1 /* Debug */ = {
			isa = XCBuildConfiguration;
			baseConfigurationReference = F37A1E28C190FD4B5DA7D527 /* Pods-DemoTestTests.debug.xcconfig */;
			buildSettings = {
				ALWAYS_EMBED_SWIFT_STANDARD_LIBRARIES = YES;
				BUNDLE_LOADER = "$(TEST_HOST)";
				CODE_SIGN_STYLE = Automatic;
				DEVELOPMENT_TEAM = 7986UXK74B;
				INFOPLIST_FILE = DemoTestTests/Info.plist;
				LD_RUNPATH_SEARCH_PATHS = (
					"$(inherited)",
					"@executable_path/Frameworks",
					"@loader_path/Frameworks",
				);
				PRODUCT_BUNDLE_IDENTIFIER = com.MohammadYunus.DemoTestTests;
				PRODUCT_NAME = "$(TARGET_NAME)";
				SWIFT_VERSION = 4.2;
				TARGETED_DEVICE_FAMILY = "1,2";
				TEST_HOST = "$(BUILT_PRODUCTS_DIR)/DemoTest.app/DemoTest";
			};
			name = Debug;
		};
		3F1800F321A6A5AE00BCA8E1 /* Release */ = {
			isa = XCBuildConfiguration;
			baseConfigurationReference = B3449DB7CB42A19BACEC051E /* Pods-DemoTestTests.release.xcconfig */;
			buildSettings = {
				ALWAYS_EMBED_SWIFT_STANDARD_LIBRARIES = YES;
				BUNDLE_LOADER = "$(TEST_HOST)";
				CODE_SIGN_STYLE = Automatic;
				DEVELOPMENT_TEAM = 7986UXK74B;
				INFOPLIST_FILE = DemoTestTests/Info.plist;
				LD_RUNPATH_SEARCH_PATHS = (
					"$(inherited)",
					"@executable_path/Frameworks",
					"@loader_path/Frameworks",
				);
				PRODUCT_BUNDLE_IDENTIFIER = com.MohammadYunus.DemoTestTests;
				PRODUCT_NAME = "$(TARGET_NAME)";
				SWIFT_VERSION = 4.2;
				TARGETED_DEVICE_FAMILY = "1,2";
				TEST_HOST = "$(BUILT_PRODUCTS_DIR)/DemoTest.app/DemoTest";
			};
			name = Release;
		};
		3F1800F521A6A5AE00BCA8E1 /* Debug */ = {
			isa = XCBuildConfiguration;
			baseConfigurationReference = CC2EC941260DB5529A643552 /* Pods-DemoTestUITests.debug.xcconfig */;
			buildSettings = {
				ALWAYS_EMBED_SWIFT_STANDARD_LIBRARIES = YES;
				CODE_SIGN_STYLE = Automatic;
				INFOPLIST_FILE = DemoTestUITests/Info.plist;
				LD_RUNPATH_SEARCH_PATHS = (
					"$(inherited)",
					"@executable_path/Frameworks",
					"@loader_path/Frameworks",
				);
				PRODUCT_BUNDLE_IDENTIFIER = com.MohammadYunus.DemoTestUITests;
				PRODUCT_NAME = "$(TARGET_NAME)";
				SWIFT_VERSION = 4.2;
				TARGETED_DEVICE_FAMILY = "1,2";
				TEST_TARGET_NAME = DemoTest;
			};
			name = Debug;
		};
		3F1800F621A6A5AE00BCA8E1 /* Release */ = {
			isa = XCBuildConfiguration;
			baseConfigurationReference = 43037C3F65A39D3A6A5692C5 /* Pods-DemoTestUITests.release.xcconfig */;
			buildSettings = {
				ALWAYS_EMBED_SWIFT_STANDARD_LIBRARIES = YES;
				CODE_SIGN_STYLE = Automatic;
				INFOPLIST_FILE = DemoTestUITests/Info.plist;
				LD_RUNPATH_SEARCH_PATHS = (
					"$(inherited)",
					"@executable_path/Frameworks",
					"@loader_path/Frameworks",
				);
				PRODUCT_BUNDLE_IDENTIFIER = com.MohammadYunus.DemoTestUITests;
				PRODUCT_NAME = "$(TARGET_NAME)";
				SWIFT_VERSION = 4.2;
				TARGETED_DEVICE_FAMILY = "1,2";
				TEST_TARGET_NAME = DemoTest;
			};
			name = Release;
		};
/* End XCBuildConfiguration section */

/* Begin XCConfigurationList section */
		3F1800C121A6A5A300BCA8E1 /* Build configuration list for PBXProject "DemoTest" */ = {
			isa = XCConfigurationList;
			buildConfigurations = (
				3F1800EC21A6A5AE00BCA8E1 /* Debug */,
				3F1800ED21A6A5AE00BCA8E1 /* Release */,
			);
			defaultConfigurationIsVisible = 0;
			defaultConfigurationName = Release;
		};
		3F1800EE21A6A5AE00BCA8E1 /* Build configuration list for PBXNativeTarget "DemoTest" */ = {
			isa = XCConfigurationList;
			buildConfigurations = (
				3F1800EF21A6A5AE00BCA8E1 /* Debug */,
				3F1800F021A6A5AE00BCA8E1 /* Release */,
			);
			defaultConfigurationIsVisible = 0;
			defaultConfigurationName = Release;
		};
		3F1800F121A6A5AE00BCA8E1 /* Build configuration list for PBXNativeTarget "DemoTestTests" */ = {
			isa = XCConfigurationList;
			buildConfigurations = (
				3F1800F221A6A5AE00BCA8E1 /* Debug */,
				3F1800F321A6A5AE00BCA8E1 /* Release */,
			);
			defaultConfigurationIsVisible = 0;
			defaultConfigurationName = Release;
		};
		3F1800F421A6A5AE00BCA8E1 /* Build configuration list for PBXNativeTarget "DemoTestUITests" */ = {
			isa = XCConfigurationList;
			buildConfigurations = (
				3F1800F521A6A5AE00BCA8E1 /* Debug */,
				3F1800F621A6A5AE00BCA8E1 /* Release */,
			);
			defaultConfigurationIsVisible = 0;
			defaultConfigurationName = Release;
		};
/* End XCConfigurationList section */
	};
	rootObject = 3F1800BE21A6A5A300BCA8E1 /* Project object */;
}
